{
  "version": 4,
  "terraform_version": "0.12.2",
  "serial": 34,
  "lineage": "8e7021ab-8422-ff8c-75d0-18436354e395",
  "outputs": {},
  "resources": [
    {
      "mode": "managed",
      "type": "google_compute_firewall",
      "name": "gh-9564-firewall-worker",
      "provider": "provider.google",
      "instances": [
        {
          "schema_version": 1,
          "attributes": {
            "allow": [
              {
                "ports": [
                  "10250",
                  "30000-32767"
                ],
                "protocol": "tcp"
              }
            ],
            "creation_timestamp": "2019-06-23T07:29:07.875-07:00",
            "deny": [],
            "description": "",
            "destination_ranges": [],
            "direction": "INGRESS",
            "disabled": false,
            "id": "gh-9564-firewall-worker",
            "name": "gh-9564-firewall-worker",
            "network": "https://www.googleapis.com/compute/v1/projects/prismatic-iris-243515/global/networks/default",
            "priority": 1000,
            "project": "prismatic-iris-243515",
            "self_link": "https://www.googleapis.com/compute/v1/projects/prismatic-iris-243515/global/firewalls/gh-9564-firewall-worker",
            "source_ranges": [
              "0.0.0.0/0"
            ],
            "source_service_accounts": [],
            "source_tags": [],
            "target_service_accounts": [],
            "target_tags": [],
            "timeouts": null
          },
          "private": "eyJlMmJmYjczMC1lY2FhLTExZTYtOGY4OC0zNDM2M2JjN2M0YzAiOnsiY3JlYXRlIjoyNDAwMDAwMDAwMDAsImRlbGV0ZSI6MjQwMDAwMDAwMDAwLCJ1cGRhdGUiOjI0MDAwMDAwMDAwMH0sInNjaGVtYV92ZXJzaW9uIjoiMSJ9"
        }
      ]
    },
    {
      "mode": "managed",
      "type": "google_compute_instance",
      "name": "worker1",
      "provider": "provider.google",
      "instances": [
        {
          "schema_version": 6,
          "attributes": {
            "allow_stopping_for_update": null,
            "attached_disk": [],
            "boot_disk": [
              {
                "auto_delete": true,
                "device_name": "persistent-disk-0",
                "disk_encryption_key_raw": "",
                "disk_encryption_key_sha256": "",
                "initialize_params": [
                  {
                    "image": "https://www.googleapis.com/compute/v1/projects/ubuntu-os-cloud/global/images/ubuntu-1804-bionic-v20190617",
                    "size": 10,
                    "type": "pd-standard"
                  }
                ],
                "kms_key_self_link": "",
                "source": "https://www.googleapis.com/compute/v1/projects/prismatic-iris-243515/zones/asia-south1-a/disks/mstakx-k8s-worker1"
              }
            ],
            "can_ip_forward": false,
            "cpu_platform": "Intel Skylake",
            "deletion_protection": false,
            "description": null,
            "disk": [],
            "guest_accelerator": [],
            "hostname": "",
            "id": "mstakx-k8s-worker1",
            "instance_id": "7837386681054540378",
            "label_fingerprint": "42WmSpB8rSM=",
            "labels": {},
            "machine_type": "n1-standard-2",
            "metadata": {
              "ssh-keys": "root:ssh-rsa AAAAB3NzaC1yc2EAAAADAQABAAABAQDCWy4NnD1LFtqMSmj6VC35HdRmB/1ph9c15x1mHKh9kY2m8DehCfy04vF6GMSKNgEdTWouAY6wSWG8qTdqkWHHwZw8Bz5KLD7V5ME4jcyqZxOR7YC+mW+8MwfuOwgjho9EbWBrqu3Y/lnQmzJjEU6tWaScWtoq/ELnSOk2+OvWJaD9xpwWI8SM3iqj5ecM3KhTMTLKEdGzga8kK7fKWeYCKCNETF7o1ygxIP6NCH5tjz4OUyPw6IjRbCenNKzQLLqaWkGi3tqAUyF+14MpcvMD974YH0BPRtqpDziyWTQ78Px+ZkSv+s48VHJ2nBDXnC9wW2p0phP1CnZgfJ0BfIPX chandrasekarsrin\n"
            },
            "metadata_fingerprint": "RlHB379yrEw=",
            "metadata_startup_script": "",
            "min_cpu_platform": "",
            "name": "mstakx-k8s-worker1",
            "network_interface": [
              {
                "access_config": [
                  {
                    "assigned_nat_ip": "",
                    "nat_ip": "34.93.90.158",
                    "network_tier": "PREMIUM",
                    "public_ptr_domain_name": ""
                  }
                ],
                "address": "",
                "alias_ip_range": [],
                "name": "nic0",
                "network": "https://www.googleapis.com/compute/v1/projects/prismatic-iris-243515/global/networks/default",
                "network_ip": "10.160.0.52",
                "subnetwork": "https://www.googleapis.com/compute/v1/projects/prismatic-iris-243515/regions/asia-south1/subnetworks/default",
                "subnetwork_project": "prismatic-iris-243515"
              }
            ],
            "project": "prismatic-iris-243515",
            "scheduling": [
              {
                "automatic_restart": true,
                "node_affinities": [],
                "on_host_maintenance": "MIGRATE",
                "preemptible": false
              }
            ],
            "scratch_disk": [],
            "self_link": "https://www.googleapis.com/compute/v1/projects/prismatic-iris-243515/zones/asia-south1-a/instances/mstakx-k8s-worker1",
            "service_account": [
              {
                "email": "383243337981-compute@developer.gserviceaccount.com",
                "scopes": [
                  "https://www.googleapis.com/auth/compute.readonly",
                  "https://www.googleapis.com/auth/devstorage.read_only",
                  "https://www.googleapis.com/auth/userinfo.email"
                ]
              }
            ],
            "shielded_instance_config": [],
            "tags": [
              "k8s-worker"
            ],
            "tags_fingerprint": "5INdw6qkPaw=",
            "timeouts": null,
            "zone": "asia-south1-a"
          },
          "private": "eyJlMmJmYjczMC1lY2FhLTExZTYtOGY4OC0zNDM2M2JjN2M0YzAiOnsiY3JlYXRlIjoxMjAwMDAwMDAwMDAwLCJkZWxldGUiOjEyMDAwMDAwMDAwMDAsInVwZGF0ZSI6MTIwMDAwMDAwMDAwMH0sInNjaGVtYV92ZXJzaW9uIjoiNiJ9"
        }
      ]
    },
    {
      "mode": "managed",
      "type": "google_compute_instance",
      "name": "worker2",
      "provider": "provider.google",
      "instances": [
        {
          "schema_version": 6,
          "attributes": {
            "allow_stopping_for_update": null,
            "attached_disk": [],
            "boot_disk": [
              {
                "auto_delete": true,
                "device_name": "persistent-disk-0",
                "disk_encryption_key_raw": "",
                "disk_encryption_key_sha256": "",
                "initialize_params": [
                  {
                    "image": "https://www.googleapis.com/compute/v1/projects/ubuntu-os-cloud/global/images/ubuntu-1804-bionic-v20190617",
                    "size": 10,
                    "type": "pd-standard"
                  }
                ],
                "kms_key_self_link": "",
                "source": "https://www.googleapis.com/compute/v1/projects/prismatic-iris-243515/zones/asia-south1-a/disks/mstakx-k8s-worker2"
              }
            ],
            "can_ip_forward": false,
            "cpu_platform": "Intel Skylake",
            "deletion_protection": false,
            "description": null,
            "disk": [],
            "guest_accelerator": [],
            "hostname": "",
            "id": "mstakx-k8s-worker2",
            "instance_id": "4886806146555458138",
            "label_fingerprint": "42WmSpB8rSM=",
            "labels": {},
            "machine_type": "n1-standard-2",
            "metadata": {
              "ssh-keys": "root:ssh-rsa AAAAB3NzaC1yc2EAAAADAQABAAABAQDCWy4NnD1LFtqMSmj6VC35HdRmB/1ph9c15x1mHKh9kY2m8DehCfy04vF6GMSKNgEdTWouAY6wSWG8qTdqkWHHwZw8Bz5KLD7V5ME4jcyqZxOR7YC+mW+8MwfuOwgjho9EbWBrqu3Y/lnQmzJjEU6tWaScWtoq/ELnSOk2+OvWJaD9xpwWI8SM3iqj5ecM3KhTMTLKEdGzga8kK7fKWeYCKCNETF7o1ygxIP6NCH5tjz4OUyPw6IjRbCenNKzQLLqaWkGi3tqAUyF+14MpcvMD974YH0BPRtqpDziyWTQ78Px+ZkSv+s48VHJ2nBDXnC9wW2p0phP1CnZgfJ0BfIPX chandrasekarsrin\n"
            },
            "metadata_fingerprint": "RlHB379yrEw=",
            "metadata_startup_script": "",
            "min_cpu_platform": "",
            "name": "mstakx-k8s-worker2",
            "network_interface": [
              {
                "access_config": [
                  {
                    "assigned_nat_ip": "",
                    "nat_ip": "34.93.148.17",
                    "network_tier": "PREMIUM",
                    "public_ptr_domain_name": ""
                  }
                ],
                "address": "",
                "alias_ip_range": [],
                "name": "nic0",
                "network": "https://www.googleapis.com/compute/v1/projects/prismatic-iris-243515/global/networks/default",
                "network_ip": "10.160.0.51",
                "subnetwork": "https://www.googleapis.com/compute/v1/projects/prismatic-iris-243515/regions/asia-south1/subnetworks/default",
                "subnetwork_project": "prismatic-iris-243515"
              }
            ],
            "project": "prismatic-iris-243515",
            "scheduling": [
              {
                "automatic_restart": true,
                "node_affinities": [],
                "on_host_maintenance": "MIGRATE",
                "preemptible": false
              }
            ],
            "scratch_disk": [],
            "self_link": "https://www.googleapis.com/compute/v1/projects/prismatic-iris-243515/zones/asia-south1-a/instances/mstakx-k8s-worker2",
            "service_account": [
              {
                "email": "383243337981-compute@developer.gserviceaccount.com",
                "scopes": [
                  "https://www.googleapis.com/auth/compute.readonly",
                  "https://www.googleapis.com/auth/devstorage.read_only",
                  "https://www.googleapis.com/auth/userinfo.email"
                ]
              }
            ],
            "shielded_instance_config": [],
            "tags": [
              "k8s-worker"
            ],
            "tags_fingerprint": "5INdw6qkPaw=",
            "timeouts": null,
            "zone": "asia-south1-a"
          },
          "private": "eyJlMmJmYjczMC1lY2FhLTExZTYtOGY4OC0zNDM2M2JjN2M0YzAiOnsiY3JlYXRlIjoxMjAwMDAwMDAwMDAwLCJkZWxldGUiOjEyMDAwMDAwMDAwMDAsInVwZGF0ZSI6MTIwMDAwMDAwMDAwMH0sInNjaGVtYV92ZXJzaW9uIjoiNiJ9"
        }
      ]
    }
  ]
}
